
Microsoft Visual Studio Solution File, Format Version 12.00
# Visual Studio Version 17
VisualStudioVersion = 17.3.32922.545
MinimumVisualStudioVersion = 10.0.40219.1
Project("{FAE04EC0-301F-11D3-BF4B-00C04F79EFBC}") = "HW7", "HW7\HW7.csproj", "{B58C2081-98E3-4F2D-85F4-571C1A2D96EE}"
EndProject
Global
	GlobalSection(SolutionConfigurationPlatforms) = preSolution
		Debug|Any CPU = Debug|Any CPU
		Release|Any CPU = Release|Any CPU
	EndGlobalSection
	GlobalSection(ProjectConfigurationPlatforms) = postSolution
		{B58C2081-98E3-4F2D-85F4-571C1A2D96EE}.Debug|Any CPU.ActiveCfg = Debug|Any CPU
		{B58C2081-98E3-4F2D-85F4-571C1A2D96EE}.Debug|Any CPU.Build.0 = Debug|Any CPU
		{B58C2081-98E3-4F2D-85F4-571C1A2D96EE}.Release|Any CPU.ActiveCfg = Release|Any CPU
		{B58C2081-98E3-4F2D-85F4-571C1A2D96EE}.Release|Any CPU.Build.0 = Release|Any CPU
	EndGlobalSection
	GlobalSection(SolutionProperties) = preSolution
		HideSolutionNode = FALSE
	EndGlobalSection
	GlobalSection(ExtensibilityGlobals) = postSolution
		SolutionGuid = {110C0940-E4B4-41EE-A8DA-4A4D84FFFADE}
	EndGlobalSection
EndGlobal
